
Microsoft Visual Studio Solution File, Format Version 11.00
# Visual Studio 2010
Project("{FAE04EC0-301F-11D3-BF4B-00C04F79EFBC}") = "RnD.GoogleMapSample", "RnD.GoogleMapSample\RnD.GoogleMapSample.csproj", "{6FEFA8EE-DAA2-4B7C-96E4-E77C890A9980}"
EndProject
Global
	GlobalSection(SolutionConfigurationPlatforms) = preSolution
		Debug|Any CPU = Debug|Any CPU
		Release|Any CPU = Release|Any CPU
	EndGlobalSection
	GlobalSection(ProjectConfigurationPlatforms) = postSolution
		{6FEFA8EE-DAA2-4B7C-96E4-E77C890A9980}.Debug|Any CPU.ActiveCfg = Debug|Any CPU
		{6FEFA8EE-DAA2-4B7C-96E4-E77C890A9980}.Debug|Any CPU.Build.0 = Debug|Any CPU
		{6FEFA8EE-DAA2-4B7C-96E4-E77C890A9980}.Release|Any CPU.ActiveCfg = Release|Any CPU
		{6FEFA8EE-DAA2-4B7C-96E4-E77C890A9980}.Release|Any CPU.Build.0 = Release|Any CPU
	EndGlobalSection
	GlobalSection(SolutionProperties) = preSolution
		HideSolutionNode = FALSE
	EndGlobalSection
EndGlobal
